
Microsoft Visual Studio Solution File, Format Version 12.00
# Visual Studio 14
VisualStudioVersion = 14.0.23107.0
MinimumVisualStudioVersion = 10.0.40219.1
Project("{FAE04EC0-301F-11D3-BF4B-00C04F79EFBC}") = "CHALO", "CHALO\CHALO.csproj", "{EF608586-0A1F-44BB-AFD6-DD041C16B370}"
EndProject
Global
	GlobalSection(SolutionConfigurationPlatforms) = preSolution
		Debug|Any CPU = Debug|Any CPU
		Release|Any CPU = Release|Any CPU
	EndGlobalSection
	GlobalSection(ProjectConfigurationPlatforms) = postSolution
		{EF608586-0A1F-44BB-AFD6-DD041C16B370}.Debug|Any CPU.ActiveCfg = Debug|Any CPU
		{EF608586-0A1F-44BB-AFD6-DD041C16B370}.Debug|Any CPU.Build.0 = Debug|Any CPU
		{EF608586-0A1F-44BB-AFD6-DD041C16B370}.Release|Any CPU.ActiveCfg = Release|Any CPU
		{EF608586-0A1F-44BB-AFD6-DD041C16B370}.Release|Any CPU.Build.0 = Release|Any CPU
	EndGlobalSection
	GlobalSection(SolutionProperties) = preSolution
		HideSolutionNode = FALSE
	EndGlobalSection
	GlobalSection(ExtensibilityGlobals) = postSolution
		VisualSVNWorkingCopyRoot = .
	EndGlobalSection
EndGlobal
